// !$*UTF8*$!
{
	archiveVersion = 1;
	classes = {
	};
	objectVersion = 55;
	objects = {

/* Begin PBXBuildFile section */
		13B05B3B284127A600A0F3E7 /* Task.swift in Sources */ = {isa = PBXBuildFile; fileRef = 13B05B3A284127A600A0F3E7 /* Task.swift */; };
		3952AC072847D8B3008CA350 /* EditViewController.swift in Sources */ = {isa = PBXBuildFile; fileRef = 3952AC062847D8B3008CA350 /* EditViewController.swift */; };
		3952AC0C284F6639008CA350 /* ObjectSavableError.swift in Sources */ = {isa = PBXBuildFile; fileRef = 3952AC0B284F6639008CA350 /* ObjectSavableError.swift */; };
		3952AC0E284F6663008CA350 /* UserDefaultManager.swift in Sources */ = {isa = PBXBuildFile; fileRef = 3952AC0D284F6663008CA350 /* UserDefaultManager.swift */; };
		39D9FD70283E81E9008EEA26 /* AppDelegate.swift in Sources */ = {isa = PBXBuildFile; fileRef = 39D9FD6F283E81E9008EEA26 /* AppDelegate.swift */; };
		39D9FD72283E81E9008EEA26 /* SceneDelegate.swift in Sources */ = {isa = PBXBuildFile; fileRef = 39D9FD71283E81E9008EEA26 /* SceneDelegate.swift */; };
		39D9FD74283E81E9008EEA26 /* ViewController.swift in Sources */ = {isa = PBXBuildFile; fileRef = 39D9FD73283E81E9008EEA26 /* ViewController.swift */; };
		39D9FD77283E81E9008EEA26 /* Main.storyboard in Resources */ = {isa = PBXBuildFile; fileRef = 39D9FD75283E81E9008EEA26 /* Main.storyboard */; };
		39D9FD79283E81E9008EEA26 /* Assets.xcassets in Resources */ = {isa = PBXBuildFile; fileRef = 39D9FD78283E81E9008EEA26 /* Assets.xcassets */; };
		39D9FD7C283E81E9008EEA26 /* LaunchScreen.storyboard in Resources */ = {isa = PBXBuildFile; fileRef = 39D9FD7A283E81E9008EEA26 /* LaunchScreen.storyboard */; };
		39D9FD84283EAE12008EEA26 /* EntryViewController.swift in Sources */ = {isa = PBXBuildFile; fileRef = 39D9FD83283EAE12008EEA26 /* EntryViewController.swift */; };
/* End PBXBuildFile section */

/* Begin PBXFileReference section */
		13B05B3A284127A600A0F3E7 /* Task.swift */ = {isa = PBXFileReference; lastKnownFileType = sourcecode.swift; path = Task.swift; sourceTree = "<group>"; };
		3952AC062847D8B3008CA350 /* EditViewController.swift */ = {isa = PBXFileReference; lastKnownFileType = sourcecode.swift; path = EditViewController.swift; sourceTree = "<group>"; };
		3952AC0B284F6639008CA350 /* ObjectSavableError.swift */ = {isa = PBXFileReference; lastKnownFileType = sourcecode.swift; path = ObjectSavableError.swift; sourceTree = "<group>"; };
		3952AC0D284F6663008CA350 /* UserDefaultManager.swift */ = {isa = PBXFileReference; lastKnownFileType = sourcecode.swift; path = UserDefaultManager.swift; sourceTree = "<group>"; };
		39D9FD6C283E81E9008EEA26 /* ToDoList.app */ = {isa = PBXFileReference; explicitFileType = wrapper.application; includeInIndex = 0; path = ToDoList.app; sourceTree = BUILT_PRODUCTS_DIR; };
		39D9FD6F283E81E9008EEA26 /* AppDelegate.swift */ = {isa = PBXFileReference; lastKnownFileType = sourcecode.swift; path = AppDelegate.swift; sourceTree = "<group>"; };
		39D9FD71283E81E9008EEA26 /* SceneDelegate.swift */ = {isa = PBXFileReference; lastKnownFileType = sourcecode.swift; path = SceneDelegate.swift; sourceTree = "<group>"; };
		39D9FD73283E81E9008EEA26 /* ViewController.swift */ = {isa = PBXFileReference; lastKnownFileType = sourcecode.swift; path = ViewController.swift; sourceTree = "<group>"; };
		39D9FD76283E81E9008EEA26 /* Base */ = {isa = PBXFileReference; lastKnownFileType = file.storyboard; name = Base; path = Base.lproj/Main.storyboard; sourceTree = "<group>"; };
		39D9FD78283E81E9008EEA26 /* Assets.xcassets */ = {isa = PBXFileReference; lastKnownFileType = folder.assetcatalog; path = Assets.xcassets; sourceTree = "<group>"; };
		39D9FD7B283E81E9008EEA26 /* Base */ = {isa = PBXFileReference; lastKnownFileType = file.storyboard; name = Base; path = Base.lproj/LaunchScreen.storyboard; sourceTree = "<group>"; };
		39D9FD7D283E81E9008EEA26 /* Info.plist */ = {isa = PBXFileReference; lastKnownFileType = text.plist.xml; path = Info.plist; sourceTree = "<group>"; };
		39D9FD83283EAE12008EEA26 /* EntryViewController.swift */ = {isa = PBXFileReference; lastKnownFileType = sourcecode.swift; path = EntryViewController.swift; sourceTree = "<group>"; };
/* End PBXFileReference section */

/* Begin PBXFrameworksBuildPhase section */
		39D9FD69283E81E9008EEA26 /* Frameworks */ = {
			isa = PBXFrameworksBuildPhase;
			buildActionMask = 2147483647;
			files = (
			);
			runOnlyForDeploymentPostprocessing = 0;
		};
/* End PBXFrameworksBuildPhase section */

/* Begin PBXGroup section */
		13B05B392841279F00A0F3E7 /* Models */ = {
			isa = PBXGroup;
			children = (
				13B05B3A284127A600A0F3E7 /* Task.swift */,
			);
			path = Models;
			sourceTree = "<group>";
		};
		3952AC08284F65F7008CA350 /* Managers */ = {
			isa = PBXGroup;
			children = (
				3952AC09284F6602008CA350 /* UserDefaultsManager */,
			);
			path = Managers;
			sourceTree = "<group>";
		};
		3952AC09284F6602008CA350 /* UserDefaultsManager */ = {
			isa = PBXGroup;
			children = (
				3952AC0A284F6614008CA350 /* ObjectSavableError */,
				3952AC0D284F6663008CA350 /* UserDefaultManager.swift */,
			);
			path = UserDefaultsManager;
			sourceTree = "<group>";
		};
		3952AC0A284F6614008CA350 /* ObjectSavableError */ = {
			isa = PBXGroup;
			children = (
				3952AC0B284F6639008CA350 /* ObjectSavableError.swift */,
			);
			path = ObjectSavableError;
			sourceTree = "<group>";
		};
		3952AC0F284F66FF008CA350 /* Modules */ = {
			isa = PBXGroup;
			children = (
				3952AC062847D8B3008CA350 /* EditViewController.swift */,
				39D9FD83283EAE12008EEA26 /* EntryViewController.swift */,
				3952AC10284F672D008CA350 /* LaunchScreen */,
				39D9FD73283E81E9008EEA26 /* ViewController.swift */,
			);
			path = Modules;
			sourceTree = "<group>";
		};
		3952AC10284F672D008CA350 /* LaunchScreen */ = {
			isa = PBXGroup;
			children = (
				39D9FD7A283E81E9008EEA26 /* LaunchScreen.storyboard */,
			);
			path = LaunchScreen;
			sourceTree = "<group>";
		};
		3952AC11284F6747008CA350 /* Resources */ = {
			isa = PBXGroup;
			children = (
				39D9FD78283E81E9008EEA26 /* Assets.xcassets */,
			);
			path = Resources;
			sourceTree = "<group>";
		};
		3952AC12284F6782008CA350 /* Supports */ = {
			isa = PBXGroup;
			children = (
				39D9FD6F283E81E9008EEA26 /* AppDelegate.swift */,
				39D9FD7D283E81E9008EEA26 /* Info.plist */,
				39D9FD71283E81E9008EEA26 /* SceneDelegate.swift */,
			);
			path = Supports;
			sourceTree = "<group>";
		};
		39D9FD63283E81E8008EEA26 = {
			isa = PBXGroup;
			children = (
				39D9FD6E283E81E9008EEA26 /* ToDoList */,
				39D9FD6D283E81E9008EEA26 /* Products */,
			);
			sourceTree = "<group>";
		};
		39D9FD6D283E81E9008EEA26 /* Products */ = {
			isa = PBXGroup;
			children = (
				39D9FD6C283E81E9008EEA26 /* ToDoList.app */,
			);
			name = Products;
			sourceTree = "<group>";
		};
		39D9FD6E283E81E9008EEA26 /* ToDoList */ = {
			isa = PBXGroup;
			children = (
				39D9FD75283E81E9008EEA26 /* Main.storyboard */,
				3952AC08284F65F7008CA350 /* Managers */,
				13B05B392841279F00A0F3E7 /* Models */,
				3952AC0F284F66FF008CA350 /* Modules */,
				3952AC11284F6747008CA350 /* Resources */,
				3952AC12284F6782008CA350 /* Supports */,
			);
			path = ToDoList;
			sourceTree = "<group>";
		};
/* End PBXGroup section */

/* Begin PBXNativeTarget section */
		39D9FD6B283E81E9008EEA26 /* ToDoList */ = {
			isa = PBXNativeTarget;
			buildConfigurationList = 39D9FD80283E81E9008EEA26 /* Build configuration list for PBXNativeTarget "ToDoList" */;
			buildPhases = (
				39D9FD68283E81E9008EEA26 /* Sources */,
				39D9FD69283E81E9008EEA26 /* Frameworks */,
				39D9FD6A283E81E9008EEA26 /* Resources */,
			);
			buildRules = (
			);
			dependencies = (
			);
			name = ToDoList;
			productName = ToDoList;
			productReference = 39D9FD6C283E81E9008EEA26 /* ToDoList.app */;
			productType = "com.apple.product-type.application";
		};
/* End PBXNativeTarget section */

/* Begin PBXProject section */
		39D9FD64283E81E8008EEA26 /* Project object */ = {
			isa = PBXProject;
			attributes = {
				BuildIndependentTargetsInParallel = 1;
				LastSwiftUpdateCheck = 1330;
				LastUpgradeCheck = 1330;
				TargetAttributes = {
					39D9FD6B283E81E9008EEA26 = {
						CreatedOnToolsVersion = 13.3;
					};
				};
			};
			buildConfigurationList = 39D9FD67283E81E8008EEA26 /* Build configuration list for PBXProject "ToDoList" */;
			compatibilityVersion = "Xcode 13.0";
			developmentRegion = en;
			hasScannedForEncodings = 0;
			knownRegions = (
				en,
				Base,
			);
			mainGroup = 39D9FD63283E81E8008EEA26;
			productRefGroup = 39D9FD6D283E81E9008EEA26 /* Products */;
			projectDirPath = "";
			projectRoot = "";
			targets = (
				39D9FD6B283E81E9008EEA26 /* ToDoList */,
			);
		};
/* End PBXProject section */

/* Begin PBXResourcesBuildPhase section */
		39D9FD6A283E81E9008EEA26 /* Resources */ = {
			isa = PBXResourcesBuildPhase;
			buildActionMask = 2147483647;
			files = (
				39D9FD7C283E81E9008EEA26 /* LaunchScreen.storyboard in Resources */,
				39D9FD79283E81E9008EEA26 /* Assets.xcassets in Resources */,
				39D9FD77283E81E9008EEA26 /* Main.storyboard in Resources */,
			);
			runOnlyForDeploymentPostprocessing = 0;
		};
/* End PBXResourcesBuildPhase section */

/* Begin PBXSourcesBuildPhase section */
		39D9FD68283E81E9008EEA26 /* Sources */ = {
			isa = PBXSourcesBuildPhase;
			buildActionMask = 2147483647;
			files = (
				39D9FD74283E81E9008EEA26 /* ViewController.swift in Sources */,
				39D9FD84283EAE12008EEA26 /* EntryViewController.swift in Sources */,
				3952AC0E284F6663008CA350 /* UserDefaultManager.swift in Sources */,
				3952AC0C284F6639008CA350 /* ObjectSavableError.swift in Sources */,
				3952AC072847D8B3008CA350 /* EditViewController.swift in Sources */,
				13B05B3B284127A600A0F3E7 /* Task.swift in Sources */,
				39D9FD70283E81E9008EEA26 /* AppDelegate.swift in Sources */,
				39D9FD72283E81E9008EEA26 /* SceneDelegate.swift in Sources */,
			);
			runOnlyForDeploymentPostprocessing = 0;
		};
/* End PBXSourcesBuildPhase section */

/* Begin PBXVariantGroup section */
		39D9FD75283E81E9008EEA26 /* Main.storyboard */ = {
			isa = PBXVariantGroup;
			children = (
				39D9FD76283E81E9008EEA26 /* Base */,
			);
			name = Main.storyboard;
			sourceTree = "<group>";
		};
		39D9FD7A283E81E9008EEA26 /* LaunchScreen.storyboard */ = {
			isa = PBXVariantGroup;
			children = (
				39D9FD7B283E81E9008EEA26 /* Base */,
			);
			name = LaunchScreen.storyboard;
			sourceTree = "<group>";
		};
/* End PBXVariantGroup section */

/* Begin XCBuildConfiguration section */
		39D9FD7E283E81E9008EEA26 /* Debug */ = {
			isa = XCBuildConfiguration;
			buildSettings = {
				ALWAYS_SEARCH_USER_PATHS = NO;
				CLANG_ANALYZER_NONNULL = YES;
				CLANG_ANALYZER_NUMBER_OBJECT_CONVERSION = YES_AGGRESSIVE;
				CLANG_CXX_LANGUAGE_STANDARD = "gnu++17";
				CLANG_ENABLE_MODULES = YES;
				CLANG_ENABLE_OBJC_ARC = YES;
				CLANG_ENABLE_OBJC_WEAK = YES;
				CLANG_WARN_BLOCK_CAPTURE_AUTORELEASING = YES;
				CLANG_WARN_BOOL_CONVERSION = YES;
				CLANG_WARN_COMMA = YES;
				CLANG_WARN_CONSTANT_CONVERSION = YES;
				CLANG_WARN_DEPRECATED_OBJC_IMPLEMENTATIONS = YES;
				CLANG_WARN_DIRECT_OBJC_ISA_USAGE = YES_ERROR;
				CLANG_WARN_DOCUMENTATION_COMMENTS = YES;
				CLANG_WARN_EMPTY_BODY = YES;
				CLANG_WARN_ENUM_CONVERSION = YES;
				CLANG_WARN_INFINITE_RECURSION = YES;
				CLANG_WARN_INT_CONVERSION = YES;
				CLANG_WARN_NON_LITERAL_NULL_CONVERSION = YES;
				CLANG_WARN_OBJC_IMPLICIT_RETAIN_SELF = YES;
				CLANG_WARN_OBJC_LITERAL_CONVERSION = YES;
				CLANG_WARN_OBJC_ROOT_CLASS = YES_ERROR;
				CLANG_WARN_QUOTED_INCLUDE_IN_FRAMEWORK_HEADER = YES;
				CLANG_WARN_RANGE_LOOP_ANALYSIS = YES;
				CLANG_WARN_STRICT_PROTOTYPES = YES;
				CLANG_WARN_SUSPICIOUS_MOVE = YES;
				CLANG_WARN_UNGUARDED_AVAILABILITY = YES_AGGRESSIVE;
				CLANG_WARN_UNREACHABLE_CODE = YES;
				CLANG_WARN__DUPLICATE_METHOD_MATCH = YES;
				COPY_PHASE_STRIP = NO;
				DEBUG_INFORMATION_FORMAT = dwarf;
				ENABLE_STRICT_OBJC_MSGSEND = YES;
				ENABLE_TESTABILITY = YES;
				GCC_C_LANGUAGE_STANDARD = gnu11;
				GCC_DYNAMIC_NO_PIC = NO;
				GCC_NO_COMMON_BLOCKS = YES;
				GCC_OPTIMIZATION_LEVEL = 0;
				GCC_PREPROCESSOR_DEFINITIONS = (
					"DEBUG=1",
					"$(inherited)",
				);
				GCC_WARN_64_TO_32_BIT_CONVERSION = YES;
				GCC_WARN_ABOUT_RETURN_TYPE = YES_ERROR;
				GCC_WARN_UNDECLARED_SELECTOR = YES;
				GCC_WARN_UNINITIALIZED_AUTOS = YES_AGGRESSIVE;
				GCC_WARN_UNUSED_FUNCTION = YES;
				GCC_WARN_UNUSED_VARIABLE = YES;
				IPHONEOS_DEPLOYMENT_TARGET = 15.4;
				MTL_ENABLE_DEBUG_INFO = INCLUDE_SOURCE;
				MTL_FAST_MATH = YES;
				ONLY_ACTIVE_ARCH = YES;
				SDKROOT = iphoneos;
				SWIFT_ACTIVE_COMPILATION_CONDITIONS = DEBUG;
				SWIFT_OPTIMIZATION_LEVEL = "-Onone";
			};
			name = Debug;
		};
		39D9FD7F283E81E9008EEA26 /* Release */ = {
			isa = XCBuildConfiguration;
			buildSettings = {
				ALWAYS_SEARCH_USER_PATHS = NO;
				CLANG_ANALYZER_NONNULL = YES;
				CLANG_ANALYZER_NUMBER_OBJECT_CONVERSION = YES_AGGRESSIVE;
				CLANG_CXX_LANGUAGE_STANDARD = "gnu++17";
				CLANG_ENABLE_MODULES = YES;
				CLANG_ENABLE_OBJC_ARC = YES;
				CLANG_ENABLE_OBJC_WEAK = YES;
				CLANG_WARN_BLOCK_CAPTURE_AUTORELEASING = YES;
				CLANG_WARN_BOOL_CONVERSION = YES;
				CLANG_WARN_COMMA = YES;
				CLANG_WARN_CONSTANT_CONVERSION = YES;
				CLANG_WARN_DEPRECATED_OBJC_IMPLEMENTATIONS = YES;
				CLANG_WARN_DIRECT_OBJC_ISA_USAGE = YES_ERROR;
				CLANG_WARN_DOCUMENTATION_COMMENTS = YES;
				CLANG_WARN_EMPTY_BODY = YES;
				CLANG_WARN_ENUM_CONVERSION = YES;
				CLANG_WARN_INFINITE_RECURSION = YES;
				CLANG_WARN_INT_CONVERSION = YES;
				CLANG_WARN_NON_LITERAL_NULL_CONVERSION = YES;
				CLANG_WARN_OBJC_IMPLICIT_RETAIN_SELF = YES;
				CLANG_WARN_OBJC_LITERAL_CONVERSION = YES;
				CLANG_WARN_OBJC_ROOT_CLASS = YES_ERROR;
				CLANG_WARN_QUOTED_INCLUDE_IN_FRAMEWORK_HEADER = YES;
				CLANG_WARN_RANGE_LOOP_ANALYSIS = YES;
				CLANG_WARN_STRICT_PROTOTYPES = YES;
				CLANG_WARN_SUSPICIOUS_MOVE = YES;
				CLANG_WARN_UNGUARDED_AVAILABILITY = YES_AGGRESSIVE;
				CLANG_WARN_UNREACHABLE_CODE = YES;
				CLANG_WARN__DUPLICATE_METHOD_MATCH = YES;
				COPY_PHASE_STRIP = NO;
				DEBUG_INFORMATION_FORMAT = "dwarf-with-dsym";
				ENABLE_NS_ASSERTIONS = NO;
				ENABLE_STRICT_OBJC_MSGSEND = YES;
				GCC_C_LANGUAGE_STANDARD = gnu11;
				GCC_NO_COMMON_BLOCKS = YES;
				GCC_WARN_64_TO_32_BIT_CONVERSION = YES;
				GCC_WARN_ABOUT_RETURN_TYPE = YES_ERROR;
				GCC_WARN_UNDECLARED_SELECTOR = YES;
				GCC_WARN_UNINITIALIZED_AUTOS = YES_AGGRESSIVE;
				GCC_WARN_UNUSED_FUNCTION = YES;
				GCC_WARN_UNUSED_VARIABLE = YES;
				IPHONEOS_DEPLOYMENT_TARGET = 15.4;
				MTL_ENABLE_DEBUG_INFO = NO;
				MTL_FAST_MATH = YES;
				SDKROOT = iphoneos;
				SWIFT_COMPILATION_MODE = wholemodule;
				SWIFT_OPTIMIZATION_LEVEL = "-O";
				VALIDATE_PRODUCT = YES;
			};
			name = Release;
		};
		39D9FD81283E81E9008EEA26 /* Debug */ = {
			isa = XCBuildConfiguration;
			buildSettings = {
				ASSETCATALOG_COMPILER_APPICON_NAME = AppIcon;
				ASSETCATALOG_COMPILER_GLOBAL_ACCENT_COLOR_NAME = AccentColor;
				CODE_SIGN_STYLE = Automatic;
				CURRENT_PROJECT_VERSION = 1;
				DEVELOPMENT_TEAM = 3LBG4D9YRP;
				GENERATE_INFOPLIST_FILE = YES;
				INFOPLIST_FILE = ToDoList/Supports/Info.plist;
				INFOPLIST_KEY_UIApplicationSupportsIndirectInputEvents = YES;
				INFOPLIST_KEY_UILaunchStoryboardName = LaunchScreen;
				INFOPLIST_KEY_UIMainStoryboardFile = Main;
				INFOPLIST_KEY_UISupportedInterfaceOrientations_iPad = "UIInterfaceOrientationPortrait UIInterfaceOrientationPortraitUpsideDown UIInterfaceOrientationLandscapeLeft UIInterfaceOrientationLandscapeRight";
				INFOPLIST_KEY_UISupportedInterfaceOrientations_iPhone = "UIInterfaceOrientationPortrait UIInterfaceOrientationLandscapeLeft UIInterfaceOrientationLandscapeRight";
				LD_RUNPATH_SEARCH_PATHS = (
					"$(inherited)",
					"@executable_path/Frameworks",
				);
				MARKETING_VERSION = 1.0;
				PRODUCT_BUNDLE_IDENTIFIER = com.dursunfurkan.ToDoList;
				PRODUCT_NAME = "$(TARGET_NAME)";
				SWIFT_EMIT_LOC_STRINGS = YES;
				SWIFT_VERSION = 5.0;
				TARGETED_DEVICE_FAMILY = "1,2";
			};
			name = Debug;
		};
		39D9FD82283E81E9008EEA26 /* Release */ = {
			isa = XCBuildConfiguration;
			buildSettings = {
				ASSETCATALOG_COMPILER_APPICON_NAME = AppIcon;
				ASSETCATALOG_COMPILER_GLOBAL_ACCENT_COLOR_NAME = AccentColor;
				CODE_SIGN_STYLE = Automatic;
				CURRENT_PROJECT_VERSION = 1;
				DEVELOPMENT_TEAM = 3LBG4D9YRP;
				GENERATE_INFOPLIST_FILE = YES;
				INFOPLIST_FILE = ToDoList/Supports/Info.plist;
				INFOPLIST_KEY_UIApplicationSupportsIndirectInputEvents = YES;
				INFOPLIST_KEY_UILaunchStoryboardName = LaunchScreen;
				INFOPLIST_KEY_UIMainStoryboardFile = Main;
				INFOPLIST_KEY_UISupportedInterfaceOrientations_iPad = "UIInterfaceOrientationPortrait UIInterfaceOrientationPortraitUpsideDown UIInterfaceOrientationLandscapeLeft UIInterfaceOrientationLandscapeRight";
				INFOPLIST_KEY_UISupportedInterfaceOrientations_iPhone = "UIInterfaceOrientationPortrait UIInterfaceOrientationLandscapeLeft UIInterfaceOrientationLandscapeRight";
				LD_RUNPATH_SEARCH_PATHS = (
					"$(inherited)",
					"@executable_path/Frameworks",
				);
				MARKETING_VERSION = 1.0;
				PRODUCT_BUNDLE_IDENTIFIER = com.dursunfurkan.ToDoList;
				PRODUCT_NAME = "$(TARGET_NAME)";
				SWIFT_EMIT_LOC_STRINGS = YES;
				SWIFT_VERSION = 5.0;
				TARGETED_DEVICE_FAMILY = "1,2";
			};
			name = Release;
		};
/* End XCBuildConfiguration section */

/* Begin XCConfigurationList section */
		39D9FD67283E81E8008EEA26 /* Build configuration list for PBXProject "ToDoList" */ = {
			isa = XCConfigurationList;
			buildConfigurations = (
				39D9FD7E283E81E9008EEA26 /* Debug */,
				39D9FD7F283E81E9008EEA26 /* Release */,
			);
			defaultConfigurationIsVisible = 0;
			defaultConfigurationName = Release;
		};
		39D9FD80283E81E9008EEA26 /* Build configuration list for PBXNativeTarget "ToDoList" */ = {
			isa = XCConfigurationList;
			buildConfigurations = (
				39D9FD81283E81E9008EEA26 /* Debug */,
				39D9FD82283E81E9008EEA26 /* Release */,
			);
			defaultConfigurationIsVisible = 0;
			defaultConfigurationName = Release;
		};
/* End XCConfigurationList section */
	};
	rootObject = 39D9FD64283E81E8008EEA26 /* Project object */;
}
