// !$*UTF8*$!
{
	archiveVersion = 1;
	classes = {
	};
	objectVersion = 55;
	objects = {

/* Begin PBXBuildFile section */
		396FDB5F27FB687F0032A361 /* DetailViewController.swift in Sources */ = {isa = PBXBuildFile; fileRef = 396FDB5E27FB687F0032A361 /* DetailViewController.swift */; };
		39D71D6127FA207300035DD6 /* AppDelegate.swift in Sources */ = {isa = PBXBuildFile; fileRef = 39D71D6027FA207300035DD6 /* AppDelegate.swift */; };
		39D71D6327FA207300035DD6 /* SceneDelegate.swift in Sources */ = {isa = PBXBuildFile; fileRef = 39D71D6227FA207300035DD6 /* SceneDelegate.swift */; };
		39D71D6527FA207300035DD6 /* ViewController.swift in Sources */ = {isa = PBXBuildFile; fileRef = 39D71D6427FA207300035DD6 /* ViewController.swift */; };
		39D71D6827FA207300035DD6 /* Main.storyboard in Resources */ = {isa = PBXBuildFile; fileRef = 39D71D6627FA207300035DD6 /* Main.storyboard */; };
		39D71D6A27FA207400035DD6 /* Assets.xcassets in Resources */ = {isa = PBXBuildFile; fileRef = 39D71D6927FA207400035DD6 /* Assets.xcassets */; };
		39D71D6D27FA207400035DD6 /* LaunchScreen.storyboard in Resources */ = {isa = PBXBuildFile; fileRef = 39D71D6B27FA207400035DD6 /* LaunchScreen.storyboard */; };
		39D71D7527FA3A3700035DD6 /* Petition.swift in Sources */ = {isa = PBXBuildFile; fileRef = 39D71D7427FA3A3700035DD6 /* Petition.swift */; };
		39D71D7727FA3A9A00035DD6 /* Petitions.swift in Sources */ = {isa = PBXBuildFile; fileRef = 39D71D7627FA3A9A00035DD6 /* Petitions.swift */; };
/* End PBXBuildFile section */

/* Begin PBXFileReference section */
		396FDB5E27FB687F0032A361 /* DetailViewController.swift */ = {isa = PBXFileReference; lastKnownFileType = sourcecode.swift; path = DetailViewController.swift; sourceTree = "<group>"; };
		39D71D5D27FA207300035DD6 /* project07.app */ = {isa = PBXFileReference; explicitFileType = wrapper.application; includeInIndex = 0; path = project07.app; sourceTree = BUILT_PRODUCTS_DIR; };
		39D71D6027FA207300035DD6 /* AppDelegate.swift */ = {isa = PBXFileReference; lastKnownFileType = sourcecode.swift; path = AppDelegate.swift; sourceTree = "<group>"; };
		39D71D6227FA207300035DD6 /* SceneDelegate.swift */ = {isa = PBXFileReference; lastKnownFileType = sourcecode.swift; path = SceneDelegate.swift; sourceTree = "<group>"; };
		39D71D6427FA207300035DD6 /* ViewController.swift */ = {isa = PBXFileReference; lastKnownFileType = sourcecode.swift; path = ViewController.swift; sourceTree = "<group>"; };
		39D71D6727FA207300035DD6 /* Base */ = {isa = PBXFileReference; lastKnownFileType = file.storyboard; name = Base; path = Base.lproj/Main.storyboard; sourceTree = "<group>"; };
		39D71D6927FA207400035DD6 /* Assets.xcassets */ = {isa = PBXFileReference; lastKnownFileType = folder.assetcatalog; path = Assets.xcassets; sourceTree = "<group>"; };
		39D71D6C27FA207400035DD6 /* Base */ = {isa = PBXFileReference; lastKnownFileType = file.storyboard; name = Base; path = Base.lproj/LaunchScreen.storyboard; sourceTree = "<group>"; };
		39D71D6E27FA207400035DD6 /* Info.plist */ = {isa = PBXFileReference; lastKnownFileType = text.plist.xml; path = Info.plist; sourceTree = "<group>"; };
		39D71D7427FA3A3700035DD6 /* Petition.swift */ = {isa = PBXFileReference; lastKnownFileType = sourcecode.swift; path = Petition.swift; sourceTree = "<group>"; };
		39D71D7627FA3A9A00035DD6 /* Petitions.swift */ = {isa = PBXFileReference; lastKnownFileType = sourcecode.swift; path = Petitions.swift; sourceTree = "<group>"; };
/* End PBXFileReference section */

/* Begin PBXFrameworksBuildPhase section */
		39D71D5A27FA207300035DD6 /* Frameworks */ = {
			isa = PBXFrameworksBuildPhase;
			buildActionMask = 2147483647;
			files = (
			);
			runOnlyForDeploymentPostprocessing = 0;
		};
/* End PBXFrameworksBuildPhase section */

/* Begin PBXGroup section */
		39D71D5427FA207300035DD6 = {
			isa = PBXGroup;
			children = (
				39D71D5F27FA207300035DD6 /* project07 */,
				39D71D5E27FA207300035DD6 /* Products */,
			);
			sourceTree = "<group>";
		};
		39D71D5E27FA207300035DD6 /* Products */ = {
			isa = PBXGroup;
			children = (
				39D71D5D27FA207300035DD6 /* project07.app */,
			);
			name = Products;
			sourceTree = "<group>";
		};
		39D71D5F27FA207300035DD6 /* project07 */ = {
			isa = PBXGroup;
			children = (
				39D71D6027FA207300035DD6 /* AppDelegate.swift */,
				39D71D6227FA207300035DD6 /* SceneDelegate.swift */,
				39D71D6427FA207300035DD6 /* ViewController.swift */,
				396FDB5E27FB687F0032A361 /* DetailViewController.swift */,
				39D71D7427FA3A3700035DD6 /* Petition.swift */,
				39D71D7627FA3A9A00035DD6 /* Petitions.swift */,
				39D71D6627FA207300035DD6 /* Main.storyboard */,
				39D71D6927FA207400035DD6 /* Assets.xcassets */,
				39D71D6B27FA207400035DD6 /* LaunchScreen.storyboard */,
				39D71D6E27FA207400035DD6 /* Info.plist */,
			);
			path = project07;
			sourceTree = "<group>";
		};
/* End PBXGroup section */

/* Begin PBXNativeTarget section */
		39D71D5C27FA207300035DD6 /* project07 */ = {
			isa = PBXNativeTarget;
			buildConfigurationList = 39D71D7127FA207400035DD6 /* Build configuration list for PBXNativeTarget "project07" */;
			buildPhases = (
				39D71D5927FA207300035DD6 /* Sources */,
				39D71D5A27FA207300035DD6 /* Frameworks */,
				39D71D5B27FA207300035DD6 /* Resources */,
			);
			buildRules = (
			);
			dependencies = (
			);
			name = project07;
			productName = project07;
			productReference = 39D71D5D27FA207300035DD6 /* project07.app */;
			productType = "com.apple.product-type.application";
		};
/* End PBXNativeTarget section */

/* Begin PBXProject section */
		39D71D5527FA207300035DD6 /* Project object */ = {
			isa = PBXProject;
			attributes = {
				BuildIndependentTargetsInParallel = 1;
				LastSwiftUpdateCheck = 1330;
				LastUpgradeCheck = 1330;
				TargetAttributes = {
					39D71D5C27FA207300035DD6 = {
						CreatedOnToolsVersion = 13.3;
					};
				};
			};
			buildConfigurationList = 39D71D5827FA207300035DD6 /* Build configuration list for PBXProject "project07" */;
			compatibilityVersion = "Xcode 13.0";
			developmentRegion = en;
			hasScannedForEncodings = 0;
			knownRegions = (
				en,
				Base,
			);
			mainGroup = 39D71D5427FA207300035DD6;
			productRefGroup = 39D71D5E27FA207300035DD6 /* Products */;
			projectDirPath = "";
			projectRoot = "";
			targets = (
				39D71D5C27FA207300035DD6 /* project07 */,
			);
		};
/* End PBXProject section */

/* Begin PBXResourcesBuildPhase section */
		39D71D5B27FA207300035DD6 /* Resources */ = {
			isa = PBXResourcesBuildPhase;
			buildActionMask = 2147483647;
			files = (
				39D71D6D27FA207400035DD6 /* LaunchScreen.storyboard in Resources */,
				39D71D6A27FA207400035DD6 /* Assets.xcassets in Resources */,
				39D71D6827FA207300035DD6 /* Main.storyboard in Resources */,
			);
			runOnlyForDeploymentPostprocessing = 0;
		};
/* End PBXResourcesBuildPhase section */

/* Begin PBXSourcesBuildPhase section */
		39D71D5927FA207300035DD6 /* Sources */ = {
			isa = PBXSourcesBuildPhase;
			buildActionMask = 2147483647;
			files = (
				39D71D6527FA207300035DD6 /* ViewController.swift in Sources */,
				39D71D7527FA3A3700035DD6 /* Petition.swift in Sources */,
				39D71D6127FA207300035DD6 /* AppDelegate.swift in Sources */,
				396FDB5F27FB687F0032A361 /* DetailViewController.swift in Sources */,
				39D71D6327FA207300035DD6 /* SceneDelegate.swift in Sources */,
				39D71D7727FA3A9A00035DD6 /* Petitions.swift in Sources */,
			);
			runOnlyForDeploymentPostprocessing = 0;
		};
/* End PBXSourcesBuildPhase section */

/* Begin PBXVariantGroup section */
		39D71D6627FA207300035DD6 /* Main.storyboard */ = {
			isa = PBXVariantGroup;
			children = (
				39D71D6727FA207300035DD6 /* Base */,
			);
			name = Main.storyboard;
			sourceTree = "<group>";
		};
		39D71D6B27FA207400035DD6 /* LaunchScreen.storyboard */ = {
			isa = PBXVariantGroup;
			children = (
				39D71D6C27FA207400035DD6 /* Base */,
			);
			name = LaunchScreen.storyboard;
			sourceTree = "<group>";
		};
/* End PBXVariantGroup section */

/* Begin XCBuildConfiguration section */
		39D71D6F27FA207400035DD6 /* Debug */ = {
			isa = XCBuildConfiguration;
			buildSettings = {
				ALWAYS_SEARCH_USER_PATHS = NO;
				CLANG_ANALYZER_NONNULL = YES;
				CLANG_ANALYZER_NUMBER_OBJECT_CONVERSION = YES_AGGRESSIVE;
				CLANG_CXX_LANGUAGE_STANDARD = "gnu++17";
				CLANG_ENABLE_MODULES = YES;
				CLANG_ENABLE_OBJC_ARC = YES;
				CLANG_ENABLE_OBJC_WEAK = YES;
				CLANG_WARN_BLOCK_CAPTURE_AUTORELEASING = YES;
				CLANG_WARN_BOOL_CONVERSION = YES;
				CLANG_WARN_COMMA = YES;
				CLANG_WARN_CONSTANT_CONVERSION = YES;
				CLANG_WARN_DEPRECATED_OBJC_IMPLEMENTATIONS = YES;
				CLANG_WARN_DIRECT_OBJC_ISA_USAGE = YES_ERROR;
				CLANG_WARN_DOCUMENTATION_COMMENTS = YES;
				CLANG_WARN_EMPTY_BODY = YES;
				CLANG_WARN_ENUM_CONVERSION = YES;
				CLANG_WARN_INFINITE_RECURSION = YES;
				CLANG_WARN_INT_CONVERSION = YES;
				CLANG_WARN_NON_LITERAL_NULL_CONVERSION = YES;
				CLANG_WARN_OBJC_IMPLICIT_RETAIN_SELF = YES;
				CLANG_WARN_OBJC_LITERAL_CONVERSION = YES;
				CLANG_WARN_OBJC_ROOT_CLASS = YES_ERROR;
				CLANG_WARN_QUOTED_INCLUDE_IN_FRAMEWORK_HEADER = YES;
				CLANG_WARN_RANGE_LOOP_ANALYSIS = YES;
				CLANG_WARN_STRICT_PROTOTYPES = YES;
				CLANG_WARN_SUSPICIOUS_MOVE = YES;
				CLANG_WARN_UNGUARDED_AVAILABILITY = YES_AGGRESSIVE;
				CLANG_WARN_UNREACHABLE_CODE = YES;
				CLANG_WARN__DUPLICATE_METHOD_MATCH = YES;
				COPY_PHASE_STRIP = NO;
				DEBUG_INFORMATION_FORMAT = dwarf;
				ENABLE_STRICT_OBJC_MSGSEND = YES;
				ENABLE_TESTABILITY = YES;
				GCC_C_LANGUAGE_STANDARD = gnu11;
				GCC_DYNAMIC_NO_PIC = NO;
				GCC_NO_COMMON_BLOCKS = YES;
				GCC_OPTIMIZATION_LEVEL = 0;
				GCC_PREPROCESSOR_DEFINITIONS = (
					"DEBUG=1",
					"$(inherited)",
				);
				GCC_WARN_64_TO_32_BIT_CONVERSION = YES;
				GCC_WARN_ABOUT_RETURN_TYPE = YES_ERROR;
				GCC_WARN_UNDECLARED_SELECTOR = YES;
				GCC_WARN_UNINITIALIZED_AUTOS = YES_AGGRESSIVE;
				GCC_WARN_UNUSED_FUNCTION = YES;
				GCC_WARN_UNUSED_VARIABLE = YES;
				IPHONEOS_DEPLOYMENT_TARGET = 15.4;
				MTL_ENABLE_DEBUG_INFO = INCLUDE_SOURCE;
				MTL_FAST_MATH = YES;
				ONLY_ACTIVE_ARCH = YES;
				SDKROOT = iphoneos;
				SWIFT_ACTIVE_COMPILATION_CONDITIONS = DEBUG;
				SWIFT_OPTIMIZATION_LEVEL = "-Onone";
			};
			name = Debug;
		};
		39D71D7027FA207400035DD6 /* Release */ = {
			isa = XCBuildConfiguration;
			buildSettings = {
				ALWAYS_SEARCH_USER_PATHS = NO;
				CLANG_ANALYZER_NONNULL = YES;
				CLANG_ANALYZER_NUMBER_OBJECT_CONVERSION = YES_AGGRESSIVE;
				CLANG_CXX_LANGUAGE_STANDARD = "gnu++17";
				CLANG_ENABLE_MODULES = YES;
				CLANG_ENABLE_OBJC_ARC = YES;
				CLANG_ENABLE_OBJC_WEAK = YES;
				CLANG_WARN_BLOCK_CAPTURE_AUTORELEASING = YES;
				CLANG_WARN_BOOL_CONVERSION = YES;
				CLANG_WARN_COMMA = YES;
				CLANG_WARN_CONSTANT_CONVERSION = YES;
				CLANG_WARN_DEPRECATED_OBJC_IMPLEMENTATIONS = YES;
				CLANG_WARN_DIRECT_OBJC_ISA_USAGE = YES_ERROR;
				CLANG_WARN_DOCUMENTATION_COMMENTS = YES;
				CLANG_WARN_EMPTY_BODY = YES;
				CLANG_WARN_ENUM_CONVERSION = YES;
				CLANG_WARN_INFINITE_RECURSION = YES;
				CLANG_WARN_INT_CONVERSION = YES;
				CLANG_WARN_NON_LITERAL_NULL_CONVERSION = YES;
				CLANG_WARN_OBJC_IMPLICIT_RETAIN_SELF = YES;
				CLANG_WARN_OBJC_LITERAL_CONVERSION = YES;
				CLANG_WARN_OBJC_ROOT_CLASS = YES_ERROR;
				CLANG_WARN_QUOTED_INCLUDE_IN_FRAMEWORK_HEADER = YES;
				CLANG_WARN_RANGE_LOOP_ANALYSIS = YES;
				CLANG_WARN_STRICT_PROTOTYPES = YES;
				CLANG_WARN_SUSPICIOUS_MOVE = YES;
				CLANG_WARN_UNGUARDED_AVAILABILITY = YES_AGGRESSIVE;
				CLANG_WARN_UNREACHABLE_CODE = YES;
				CLANG_WARN__DUPLICATE_METHOD_MATCH = YES;
				COPY_PHASE_STRIP = NO;
				DEBUG_INFORMATION_FORMAT = "dwarf-with-dsym";
				ENABLE_NS_ASSERTIONS = NO;
				ENABLE_STRICT_OBJC_MSGSEND = YES;
				GCC_C_LANGUAGE_STANDARD = gnu11;
				GCC_NO_COMMON_BLOCKS = YES;
				GCC_WARN_64_TO_32_BIT_CONVERSION = YES;
				GCC_WARN_ABOUT_RETURN_TYPE = YES_ERROR;
				GCC_WARN_UNDECLARED_SELECTOR = YES;
				GCC_WARN_UNINITIALIZED_AUTOS = YES_AGGRESSIVE;
				GCC_WARN_UNUSED_FUNCTION = YES;
				GCC_WARN_UNUSED_VARIABLE = YES;
				IPHONEOS_DEPLOYMENT_TARGET = 15.4;
				MTL_ENABLE_DEBUG_INFO = NO;
				MTL_FAST_MATH = YES;
				SDKROOT = iphoneos;
				SWIFT_COMPILATION_MODE = wholemodule;
				SWIFT_OPTIMIZATION_LEVEL = "-O";
				VALIDATE_PRODUCT = YES;
			};
			name = Release;
		};
		39D71D7227FA207400035DD6 /* Debug */ = {
			isa = XCBuildConfiguration;
			buildSettings = {
				ASSETCATALOG_COMPILER_APPICON_NAME = AppIcon;
				ASSETCATALOG_COMPILER_GLOBAL_ACCENT_COLOR_NAME = AccentColor;
				CODE_SIGN_STYLE = Automatic;
				CURRENT_PROJECT_VERSION = 1;
				DEVELOPMENT_TEAM = 3LBG4D9YRP;
				GENERATE_INFOPLIST_FILE = YES;
				INFOPLIST_FILE = project07/Info.plist;
				INFOPLIST_KEY_UIApplicationSupportsIndirectInputEvents = YES;
				INFOPLIST_KEY_UILaunchStoryboardName = LaunchScreen;
				INFOPLIST_KEY_UIMainStoryboardFile = Main;
				INFOPLIST_KEY_UISupportedInterfaceOrientations = "UIInterfaceOrientationPortrait UIInterfaceOrientationLandscapeLeft UIInterfaceOrientationLandscapeRight";
				INFOPLIST_KEY_UISupportedInterfaceOrientations_iPad = "UIInterfaceOrientationPortrait UIInterfaceOrientationPortraitUpsideDown UIInterfaceOrientationLandscapeLeft UIInterfaceOrientationLandscapeRight";
				INFOPLIST_KEY_UISupportedInterfaceOrientations_iPhone = "UIInterfaceOrientationPortrait UIInterfaceOrientationLandscapeLeft UIInterfaceOrientationLandscapeRight";
				LD_RUNPATH_SEARCH_PATHS = (
					"$(inherited)",
					"@executable_path/Frameworks",
				);
				MARKETING_VERSION = 1.0;
				PRODUCT_BUNDLE_IDENTIFIER = com.dursunfurkan.project07;
				PRODUCT_NAME = "$(TARGET_NAME)";
				SWIFT_EMIT_LOC_STRINGS = YES;
				SWIFT_VERSION = 5.0;
				TARGETED_DEVICE_FAMILY = 1;
			};
			name = Debug;
		};
		39D71D7327FA207400035DD6 /* Release */ = {
			isa = XCBuildConfiguration;
			buildSettings = {
				ASSETCATALOG_COMPILER_APPICON_NAME = AppIcon;
				ASSETCATALOG_COMPILER_GLOBAL_ACCENT_COLOR_NAME = AccentColor;
				CODE_SIGN_STYLE = Automatic;
				CURRENT_PROJECT_VERSION = 1;
				DEVELOPMENT_TEAM = 3LBG4D9YRP;
				GENERATE_INFOPLIST_FILE = YES;
				INFOPLIST_FILE = project07/Info.plist;
				INFOPLIST_KEY_UIApplicationSupportsIndirectInputEvents = YES;
				INFOPLIST_KEY_UILaunchStoryboardName = LaunchScreen;
				INFOPLIST_KEY_UIMainStoryboardFile = Main;
				INFOPLIST_KEY_UISupportedInterfaceOrientations = "UIInterfaceOrientationPortrait UIInterfaceOrientationLandscapeLeft UIInterfaceOrientationLandscapeRight";
				INFOPLIST_KEY_UISupportedInterfaceOrientations_iPad = "UIInterfaceOrientationPortrait UIInterfaceOrientationPortraitUpsideDown UIInterfaceOrientationLandscapeLeft UIInterfaceOrientationLandscapeRight";
				INFOPLIST_KEY_UISupportedInterfaceOrientations_iPhone = "UIInterfaceOrientationPortrait UIInterfaceOrientationLandscapeLeft UIInterfaceOrientationLandscapeRight";
				LD_RUNPATH_SEARCH_PATHS = (
					"$(inherited)",
					"@executable_path/Frameworks",
				);
				MARKETING_VERSION = 1.0;
				PRODUCT_BUNDLE_IDENTIFIER = com.dursunfurkan.project07;
				PRODUCT_NAME = "$(TARGET_NAME)";
				SWIFT_EMIT_LOC_STRINGS = YES;
				SWIFT_VERSION = 5.0;
				TARGETED_DEVICE_FAMILY = 1;
			};
			name = Release;
		};
/* End XCBuildConfiguration section */

/* Begin XCConfigurationList section */
		39D71D5827FA207300035DD6 /* Build configuration list for PBXProject "project07" */ = {
			isa = XCConfigurationList;
			buildConfigurations = (
				39D71D6F27FA207400035DD6 /* Debug */,
				39D71D7027FA207400035DD6 /* Release */,
			);
			defaultConfigurationIsVisible = 0;
			defaultConfigurationName = Release;
		};
		39D71D7127FA207400035DD6 /* Build configuration list for PBXNativeTarget "project07" */ = {
			isa = XCConfigurationList;
			buildConfigurations = (
				39D71D7227FA207400035DD6 /* Debug */,
				39D71D7327FA207400035DD6 /* Release */,
			);
			defaultConfigurationIsVisible = 0;
			defaultConfigurationName = Release;
		};
/* End XCConfigurationList section */
	};
	rootObject = 39D71D5527FA207300035DD6 /* Project object */;
}
